# This file is automatically @generated by Poetry 1.8.5 and should not be changed by hand.

[[package]]
name = "panoramisk"
version = "1.4"
description = "asyncio based library to play with asterisk"
optional = false
python-versions = "*"
files = [
    {file = "panoramisk-1.4-py3-none-any.whl", hash = "sha256:936bb967eb60edf860b406124f30f086713ac21f55c5e4e322941ace24430dbb"},
    {file = "panoramisk-1.4.tar.gz", hash = "sha256:345d4c3b6a60e54beb601136ef2bba8fe2023c3a5dbe89e0b0d7dd4aa96d535a"},
]

[package.extras]
test = ["coverage", "coveralls", "pytest", "pytest-asyncio"]

[metadata]
lock-version = "2.0"
python-versions = "^3.11"
content-hash = "164d8510daefb283759dc433d4cceb1a2ccde6c7e07bcb370c8fb215d3e0ccdf"
